
Microsoft Visual Studio Solution File, Format Version 12.00
# Visual Studio Version 16
VisualStudioVersion = 16.0.29806.167
MinimumVisualStudioVersion = 10.0.40219.1
Project("{FAE04EC0-301F-11D3-BF4B-00C04F79EFBC}") = "UITripPlanner", "UITripPlanner\UITripPlanner.csproj", "{5493400A-9190-4B61-943E-F1A371598230}"
EndProject
Project("{9A19103F-16F7-4668-BE54-9A1E7A4F7556}") = "TripPlannerAPI", "..\..\PII\PIIwithBDD\TripPlannerAPI\TripPlannerAPI.csproj", "{8AC0578D-6C9D-4463-A51D-873735488BE9}"
EndProject
Global
	GlobalSection(SolutionConfigurationPlatforms) = preSolution
		Debug|Any CPU = Debug|Any CPU
		Release|Any CPU = Release|Any CPU
	EndGlobalSection
	GlobalSection(ProjectConfigurationPlatforms) = postSolution
		{5493400A-9190-4B61-943E-F1A371598230}.Debug|Any CPU.ActiveCfg = Debug|Any CPU
		{5493400A-9190-4B61-943E-F1A371598230}.Debug|Any CPU.Build.0 = Debug|Any CPU
		{5493400A-9190-4B61-943E-F1A371598230}.Release|Any CPU.ActiveCfg = Release|Any CPU
		{5493400A-9190-4B61-943E-F1A371598230}.Release|Any CPU.Build.0 = Release|Any CPU
		{8AC0578D-6C9D-4463-A51D-873735488BE9}.Debug|Any CPU.ActiveCfg = Debug|Any CPU
		{8AC0578D-6C9D-4463-A51D-873735488BE9}.Debug|Any CPU.Build.0 = Debug|Any CPU
		{8AC0578D-6C9D-4463-A51D-873735488BE9}.Release|Any CPU.ActiveCfg = Release|Any CPU
		{8AC0578D-6C9D-4463-A51D-873735488BE9}.Release|Any CPU.Build.0 = Release|Any CPU
	EndGlobalSection
	GlobalSection(SolutionProperties) = preSolution
		HideSolutionNode = FALSE
	EndGlobalSection
	GlobalSection(ExtensibilityGlobals) = postSolution
		SolutionGuid = {C09EDDB5-E9DB-4EDA-ADB5-15629048C6B1}
	EndGlobalSection
EndGlobal
